
Microsoft Visual Studio Solution File, Format Version 12.00
# Visual Studio Version 16
VisualStudioVersion = 16.0.29102.190
MinimumVisualStudioVersion = 10.0.40219.1
Project("{9A19103F-16F7-4668-BE54-9A1E7A4F7556}") = "Nodebridge", "Nodebridge.csproj", "{82B73A46-A433-4C42-AF80-2BCEA289EB55}"
EndProject
Project("{9A19103F-16F7-4668-BE54-9A1E7A4F7556}") = "example", "example\example.csproj", "{5C0129E6-B196-4D32-862E-C2AF57945C5C}"
EndProject
Global
	GlobalSection(SolutionConfigurationPlatforms) = preSolution
		Debug|Any CPU = Debug|Any CPU
		Release|Any CPU = Release|Any CPU
	EndGlobalSection
	GlobalSection(ProjectConfigurationPlatforms) = postSolution
		{82B73A46-A433-4C42-AF80-2BCEA289EB55}.Debug|Any CPU.ActiveCfg = Debug|Any CPU
		{82B73A46-A433-4C42-AF80-2BCEA289EB55}.Debug|Any CPU.Build.0 = Debug|Any CPU
		{82B73A46-A433-4C42-AF80-2BCEA289EB55}.Release|Any CPU.ActiveCfg = Release|Any CPU
		{82B73A46-A433-4C42-AF80-2BCEA289EB55}.Release|Any CPU.Build.0 = Release|Any CPU
		{5C0129E6-B196-4D32-862E-C2AF57945C5C}.Debug|Any CPU.ActiveCfg = Debug|Any CPU
		{5C0129E6-B196-4D32-862E-C2AF57945C5C}.Debug|Any CPU.Build.0 = Debug|Any CPU
		{5C0129E6-B196-4D32-862E-C2AF57945C5C}.Release|Any CPU.ActiveCfg = Release|Any CPU
		{5C0129E6-B196-4D32-862E-C2AF57945C5C}.Release|Any CPU.Build.0 = Release|Any CPU
	EndGlobalSection
	GlobalSection(SolutionProperties) = preSolution
		HideSolutionNode = FALSE
	EndGlobalSection
	GlobalSection(ExtensibilityGlobals) = postSolution
		SolutionGuid = {9EDBEE2C-B218-44C0-844D-0745F9596B52}
	EndGlobalSection
EndGlobal
